
Microsoft Visual Studio Solution File, Format Version 12.00
# Visual Studio Version 16
VisualStudioVersion = 16.0.31624.102
MinimumVisualStudioVersion = 10.0.40219.1
Project("{FAE04EC0-301F-11D3-BF4B-00C04F79EFBC}") = "SerializationQ1", "SerializationQ1\SerializationQ1.csproj", "{FF9D89FE-EA72-4809-813F-A6D9529B3095}"
EndProject
Global
	GlobalSection(SolutionConfigurationPlatforms) = preSolution
		Debug|Any CPU = Debug|Any CPU
		Release|Any CPU = Release|Any CPU
	EndGlobalSection
	GlobalSection(ProjectConfigurationPlatforms) = postSolution
		{FF9D89FE-EA72-4809-813F-A6D9529B3095}.Debug|Any CPU.ActiveCfg = Debug|Any CPU
		{FF9D89FE-EA72-4809-813F-A6D9529B3095}.Debug|Any CPU.Build.0 = Debug|Any CPU
		{FF9D89FE-EA72-4809-813F-A6D9529B3095}.Release|Any CPU.ActiveCfg = Release|Any CPU
		{FF9D89FE-EA72-4809-813F-A6D9529B3095}.Release|Any CPU.Build.0 = Release|Any CPU
	EndGlobalSection
	GlobalSection(SolutionProperties) = preSolution
		HideSolutionNode = FALSE
	EndGlobalSection
	GlobalSection(ExtensibilityGlobals) = postSolution
		SolutionGuid = {2E3E5BD4-BC18-40BA-822F-8485CED73B7B}
	EndGlobalSection
EndGlobal
