
Microsoft Visual Studio Solution File, Format Version 12.00
# Visual Studio Version 16
VisualStudioVersion = 16.0.31624.102
MinimumVisualStudioVersion = 10.0.40219.1
Project("{FAE04EC0-301F-11D3-BF4B-00C04F79EFBC}") = "OddEvenMultiThreading", "OddEvenMultiThreading\OddEvenMultiThreading.csproj", "{64E5EFC0-C98C-4E06-B45C-099F906A2BD3}"
EndProject
Global
	GlobalSection(SolutionConfigurationPlatforms) = preSolution
		Debug|Any CPU = Debug|Any CPU
		Release|Any CPU = Release|Any CPU
	EndGlobalSection
	GlobalSection(ProjectConfigurationPlatforms) = postSolution
		{64E5EFC0-C98C-4E06-B45C-099F906A2BD3}.Debug|Any CPU.ActiveCfg = Debug|Any CPU
		{64E5EFC0-C98C-4E06-B45C-099F906A2BD3}.Debug|Any CPU.Build.0 = Debug|Any CPU
		{64E5EFC0-C98C-4E06-B45C-099F906A2BD3}.Release|Any CPU.ActiveCfg = Release|Any CPU
		{64E5EFC0-C98C-4E06-B45C-099F906A2BD3}.Release|Any CPU.Build.0 = Release|Any CPU
	EndGlobalSection
	GlobalSection(SolutionProperties) = preSolution
		HideSolutionNode = FALSE
	EndGlobalSection
	GlobalSection(ExtensibilityGlobals) = postSolution
		SolutionGuid = {35816F0C-5529-49C2-B096-8540963BFB9E}
	EndGlobalSection
EndGlobal
